
Microsoft Visual Studio Solution File, Format Version 12.00
# Visual Studio Version 16
VisualStudioVersion = 16.0.31129.286
MinimumVisualStudioVersion = 10.0.40219.1
Project("{9A19103F-16F7-4668-BE54-9A1E7A4F7556}") = "LigthScadaClient", "LigthScadaClient\LigthScadaClient.csproj", "{C702DE8C-1862-43DB-A292-3D6F20E0A978}"
EndProject
Global
	GlobalSection(SolutionConfigurationPlatforms) = preSolution
		Debug|Any CPU = Debug|Any CPU
		Release|Any CPU = Release|Any CPU
	EndGlobalSection
	GlobalSection(ProjectConfigurationPlatforms) = postSolution
		{C702DE8C-1862-43DB-A292-3D6F20E0A978}.Debug|Any CPU.ActiveCfg = Debug|Any CPU
		{C702DE8C-1862-43DB-A292-3D6F20E0A978}.Debug|Any CPU.Build.0 = Debug|Any CPU
		{C702DE8C-1862-43DB-A292-3D6F20E0A978}.Release|Any CPU.ActiveCfg = Release|Any CPU
		{C702DE8C-1862-43DB-A292-3D6F20E0A978}.Release|Any CPU.Build.0 = Release|Any CPU
	EndGlobalSection
	GlobalSection(SolutionProperties) = preSolution
		HideSolutionNode = FALSE
	EndGlobalSection
	GlobalSection(ExtensibilityGlobals) = postSolution
		SolutionGuid = {A848F0F4-A005-4377-A958-E6147A328FFE}
	EndGlobalSection
EndGlobal
